
Microsoft Visual Studio Solution File, Format Version 12.00
# Visual Studio Version 17
VisualStudioVersion = 17.6.33815.320
MinimumVisualStudioVersion = 10.0.40219.1
Project("{FAE04EC0-301F-11D3-BF4B-00C04F79EFBC}") = "AddMultiplyFourInts", "AddMultiplyFourInts\AddMultiplyFourInts.csproj", "{D3C26FA6-8CC1-461E-A2C5-3835860CD347}"
EndProject
Global
	GlobalSection(SolutionConfigurationPlatforms) = preSolution
		Debug|Any CPU = Debug|Any CPU
		Release|Any CPU = Release|Any CPU
	EndGlobalSection
	GlobalSection(ProjectConfigurationPlatforms) = postSolution
		{D3C26FA6-8CC1-461E-A2C5-3835860CD347}.Debug|Any CPU.ActiveCfg = Debug|Any CPU
		{D3C26FA6-8CC1-461E-A2C5-3835860CD347}.Debug|Any CPU.Build.0 = Debug|Any CPU
		{D3C26FA6-8CC1-461E-A2C5-3835860CD347}.Release|Any CPU.ActiveCfg = Release|Any CPU
		{D3C26FA6-8CC1-461E-A2C5-3835860CD347}.Release|Any CPU.Build.0 = Release|Any CPU
	EndGlobalSection
	GlobalSection(SolutionProperties) = preSolution
		HideSolutionNode = FALSE
	EndGlobalSection
	GlobalSection(ExtensibilityGlobals) = postSolution
		SolutionGuid = {CE1D3741-EAB0-4923-8D1E-FEBD7158D83A}
	EndGlobalSection
EndGlobal
